
Microsoft Visual Studio Solution File, Format Version 12.00
# Visual Studio 14
VisualStudioVersion = 14.0.25420.1
MinimumVisualStudioVersion = 10.0.40219.1
Project("{FAE04EC0-301F-11D3-BF4B-00C04F79EFBC}") = "Photo", "Photo\Photo.csproj", "{DEDE8CF9-6220-4539-BEAA-2AC9AC4D72DE}"
EndProject
Project("{FAE04EC0-301F-11D3-BF4B-00C04F79EFBC}") = "equipment", "equipment\equipment.csproj", "{AC971F40-EA07-4337-B956-636F19C85A71}"
EndProject
Global
	GlobalSection(SolutionConfigurationPlatforms) = preSolution
		Debug|Any CPU = Debug|Any CPU
		Release|Any CPU = Release|Any CPU
	EndGlobalSection
	GlobalSection(ProjectConfigurationPlatforms) = postSolution
		{DEDE8CF9-6220-4539-BEAA-2AC9AC4D72DE}.Debug|Any CPU.ActiveCfg = Debug|Any CPU
		{DEDE8CF9-6220-4539-BEAA-2AC9AC4D72DE}.Debug|Any CPU.Build.0 = Debug|Any CPU
		{DEDE8CF9-6220-4539-BEAA-2AC9AC4D72DE}.Release|Any CPU.ActiveCfg = Release|Any CPU
		{DEDE8CF9-6220-4539-BEAA-2AC9AC4D72DE}.Release|Any CPU.Build.0 = Release|Any CPU
		{AC971F40-EA07-4337-B956-636F19C85A71}.Debug|Any CPU.ActiveCfg = Debug|Any CPU
		{AC971F40-EA07-4337-B956-636F19C85A71}.Debug|Any CPU.Build.0 = Debug|Any CPU
		{AC971F40-EA07-4337-B956-636F19C85A71}.Release|Any CPU.ActiveCfg = Release|Any CPU
		{AC971F40-EA07-4337-B956-636F19C85A71}.Release|Any CPU.Build.0 = Release|Any CPU
	EndGlobalSection
	GlobalSection(SolutionProperties) = preSolution
		HideSolutionNode = FALSE
	EndGlobalSection
EndGlobal
