
Microsoft Visual Studio Solution File, Format Version 12.00
# Visual Studio 14
VisualStudioVersion = 14.0.25420.1
MinimumVisualStudioVersion = 10.0.40219.1
Project("{FAE04EC0-301F-11D3-BF4B-00C04F79EFBC}") = "004_Photo", "Photo\004_Photo.csproj", "{DEDE8CF9-6220-4539-BEAA-2AC9AC4D72DE}"
EndProject
Project("{FAE04EC0-301F-11D3-BF4B-00C04F79EFBC}") = "005_equipment", "equipment\005_equipment.csproj", "{AC971F40-EA07-4337-B956-636F19C85A71}"
EndProject
Project("{FAE04EC0-301F-11D3-BF4B-00C04F79EFBC}") = "Jalousie", "Jalousie\Jalousie.csproj", "{1068756E-8439-4524-AF31-A29F5C2B31D4}"
EndProject
Project("{FAE04EC0-301F-11D3-BF4B-00C04F79EFBC}") = "Calculator", "Calculator\Calculator.csproj", "{53A176EE-FB9D-4499-AA94-0E0B5290A5C9}"
EndProject
Project("{FAE04EC0-301F-11D3-BF4B-00C04F79EFBC}") = "008_ViewImages", "ViewImages\008_ViewImages.csproj", "{5ECC8549-4241-4B0A-AC40-5158A94334FC}"
EndProject
Project("{FAE04EC0-301F-11D3-BF4B-00C04F79EFBC}") = "009_ViewImages2", "ViewImages2\009_ViewImages2.csproj", "{E97D7B76-BC9A-47AD-A57A-88DD31956249}"
EndProject
Project("{FAE04EC0-301F-11D3-BF4B-00C04F79EFBC}") = "010_Stopwatch", "Stopwatch\010_Stopwatch.csproj", "{EB29E99A-6A33-41E9-857E-E23994F2B7D3}"
EndProject
Project("{FAE04EC0-301F-11D3-BF4B-00C04F79EFBC}") = "011_Timer", "Timer\011_Timer.csproj", "{4DC9521E-5D28-4E3F-8C60-830A28351802}"
EndProject
Project("{FAE04EC0-301F-11D3-BF4B-00C04F79EFBC}") = "Graphics_001_DrawstringDemo", "012_DrawstringDemo\Graphics_001_DrawstringDemo.csproj", "{B3D84556-47B6-4D22-88C3-E03BEAC706CF}"
EndProject
Project("{FAE04EC0-301F-11D3-BF4B-00C04F79EFBC}") = "Graphics_002_Chart", "Graphics_002_Chart\Graphics_002_Chart.csproj", "{57643C8C-742F-4195-A5E0-2E05F1DB3BD8}"
EndProject
Project("{FAE04EC0-301F-11D3-BF4B-00C04F79EFBC}") = "Events", "Events\Events.csproj", "{1BE577A7-CEFB-4187-9080-A03AC23344C4}"
EndProject
Project("{FAE04EC0-301F-11D3-BF4B-00C04F79EFBC}") = "Graphics_003_Schedule", "Graphics_003_Schedule\Graphics_003_Schedule.csproj", "{49EBAEF9-14A3-40DE-A378-86725682D5CE}"
EndProject
Project("{FAE04EC0-301F-11D3-BF4B-00C04F79EFBC}") = "Graphics_004_Fly", "Graphics_004_Fly\Graphics_004_Fly.csproj", "{C4CD40F6-98DC-4F73-A1E5-E8DAA27F315A}"
EndProject
Project("{FAE04EC0-301F-11D3-BF4B-00C04F79EFBC}") = "Graphics_004_CircleChart", "Graphics_004_CircleChart\Graphics_004_CircleChart.csproj", "{FD912B66-65D3-4DCC-83B1-0B1551D9B797}"
EndProject
Project("{FAE04EC0-301F-11D3-BF4B-00C04F79EFBC}") = "Games_001_PairPictures", "Games_001_PairPictures\Games_001_PairPictures.csproj", "{7196F053-B1A1-45A9-8569-91521BF92D64}"
EndProject
Project("{FAE04EC0-301F-11D3-BF4B-00C04F79EFBC}") = "Games_002_MakeImage", "Games_002_MakeImage\Games_002_MakeImage.csproj", "{BE67DB72-8545-46FA-8852-4EDFFCA76955}"
EndProject
Project("{FAE04EC0-301F-11D3-BF4B-00C04F79EFBC}") = "Games_003_Alarm", "Games_003_Alarm\Games_003_Alarm.csproj", "{757F3CF1-EA6D-454E-ADF1-552E14D61AB4}"
EndProject
Global
	GlobalSection(SolutionConfigurationPlatforms) = preSolution
		Debug|Any CPU = Debug|Any CPU
		Debug|x64 = Debug|x64
		Debug|x86 = Debug|x86
		Release|Any CPU = Release|Any CPU
		Release|x64 = Release|x64
		Release|x86 = Release|x86
	EndGlobalSection
	GlobalSection(ProjectConfigurationPlatforms) = postSolution
		{DEDE8CF9-6220-4539-BEAA-2AC9AC4D72DE}.Debug|Any CPU.ActiveCfg = Debug|Any CPU
		{DEDE8CF9-6220-4539-BEAA-2AC9AC4D72DE}.Debug|Any CPU.Build.0 = Debug|Any CPU
		{DEDE8CF9-6220-4539-BEAA-2AC9AC4D72DE}.Debug|x64.ActiveCfg = Debug|Any CPU
		{DEDE8CF9-6220-4539-BEAA-2AC9AC4D72DE}.Debug|x64.Build.0 = Debug|Any CPU
		{DEDE8CF9-6220-4539-BEAA-2AC9AC4D72DE}.Debug|x86.ActiveCfg = Debug|Any CPU
		{DEDE8CF9-6220-4539-BEAA-2AC9AC4D72DE}.Debug|x86.Build.0 = Debug|Any CPU
		{DEDE8CF9-6220-4539-BEAA-2AC9AC4D72DE}.Release|Any CPU.ActiveCfg = Release|Any CPU
		{DEDE8CF9-6220-4539-BEAA-2AC9AC4D72DE}.Release|Any CPU.Build.0 = Release|Any CPU
		{DEDE8CF9-6220-4539-BEAA-2AC9AC4D72DE}.Release|x64.ActiveCfg = Release|Any CPU
		{DEDE8CF9-6220-4539-BEAA-2AC9AC4D72DE}.Release|x64.Build.0 = Release|Any CPU
		{DEDE8CF9-6220-4539-BEAA-2AC9AC4D72DE}.Release|x86.ActiveCfg = Release|Any CPU
		{DEDE8CF9-6220-4539-BEAA-2AC9AC4D72DE}.Release|x86.Build.0 = Release|Any CPU
		{AC971F40-EA07-4337-B956-636F19C85A71}.Debug|Any CPU.ActiveCfg = Debug|Any CPU
		{AC971F40-EA07-4337-B956-636F19C85A71}.Debug|Any CPU.Build.0 = Debug|Any CPU
		{AC971F40-EA07-4337-B956-636F19C85A71}.Debug|x64.ActiveCfg = Debug|Any CPU
		{AC971F40-EA07-4337-B956-636F19C85A71}.Debug|x64.Build.0 = Debug|Any CPU
		{AC971F40-EA07-4337-B956-636F19C85A71}.Debug|x86.ActiveCfg = Debug|Any CPU
		{AC971F40-EA07-4337-B956-636F19C85A71}.Debug|x86.Build.0 = Debug|Any CPU
		{AC971F40-EA07-4337-B956-636F19C85A71}.Release|Any CPU.ActiveCfg = Release|Any CPU
		{AC971F40-EA07-4337-B956-636F19C85A71}.Release|Any CPU.Build.0 = Release|Any CPU
		{AC971F40-EA07-4337-B956-636F19C85A71}.Release|x64.ActiveCfg = Release|Any CPU
		{AC971F40-EA07-4337-B956-636F19C85A71}.Release|x64.Build.0 = Release|Any CPU
		{AC971F40-EA07-4337-B956-636F19C85A71}.Release|x86.ActiveCfg = Release|Any CPU
		{AC971F40-EA07-4337-B956-636F19C85A71}.Release|x86.Build.0 = Release|Any CPU
		{1068756E-8439-4524-AF31-A29F5C2B31D4}.Debug|Any CPU.ActiveCfg = Debug|Any CPU
		{1068756E-8439-4524-AF31-A29F5C2B31D4}.Debug|Any CPU.Build.0 = Debug|Any CPU
		{1068756E-8439-4524-AF31-A29F5C2B31D4}.Debug|x64.ActiveCfg = Debug|Any CPU
		{1068756E-8439-4524-AF31-A29F5C2B31D4}.Debug|x86.ActiveCfg = Debug|Any CPU
		{1068756E-8439-4524-AF31-A29F5C2B31D4}.Release|Any CPU.ActiveCfg = Release|Any CPU
		{1068756E-8439-4524-AF31-A29F5C2B31D4}.Release|Any CPU.Build.0 = Release|Any CPU
		{1068756E-8439-4524-AF31-A29F5C2B31D4}.Release|x64.ActiveCfg = Release|Any CPU
		{1068756E-8439-4524-AF31-A29F5C2B31D4}.Release|x86.ActiveCfg = Release|Any CPU
		{53A176EE-FB9D-4499-AA94-0E0B5290A5C9}.Debug|Any CPU.ActiveCfg = Debug|Any CPU
		{53A176EE-FB9D-4499-AA94-0E0B5290A5C9}.Debug|Any CPU.Build.0 = Debug|Any CPU
		{53A176EE-FB9D-4499-AA94-0E0B5290A5C9}.Debug|x64.ActiveCfg = Debug|Any CPU
		{53A176EE-FB9D-4499-AA94-0E0B5290A5C9}.Debug|x86.ActiveCfg = Debug|Any CPU
		{53A176EE-FB9D-4499-AA94-0E0B5290A5C9}.Release|Any CPU.ActiveCfg = Release|Any CPU
		{53A176EE-FB9D-4499-AA94-0E0B5290A5C9}.Release|Any CPU.Build.0 = Release|Any CPU
		{53A176EE-FB9D-4499-AA94-0E0B5290A5C9}.Release|x64.ActiveCfg = Release|Any CPU
		{53A176EE-FB9D-4499-AA94-0E0B5290A5C9}.Release|x86.ActiveCfg = Release|Any CPU
		{5ECC8549-4241-4B0A-AC40-5158A94334FC}.Debug|Any CPU.ActiveCfg = Debug|Any CPU
		{5ECC8549-4241-4B0A-AC40-5158A94334FC}.Debug|Any CPU.Build.0 = Debug|Any CPU
		{5ECC8549-4241-4B0A-AC40-5158A94334FC}.Debug|x64.ActiveCfg = Debug|Any CPU
		{5ECC8549-4241-4B0A-AC40-5158A94334FC}.Debug|x64.Build.0 = Debug|Any CPU
		{5ECC8549-4241-4B0A-AC40-5158A94334FC}.Debug|x86.ActiveCfg = Debug|Any CPU
		{5ECC8549-4241-4B0A-AC40-5158A94334FC}.Debug|x86.Build.0 = Debug|Any CPU
		{5ECC8549-4241-4B0A-AC40-5158A94334FC}.Release|Any CPU.ActiveCfg = Release|Any CPU
		{5ECC8549-4241-4B0A-AC40-5158A94334FC}.Release|Any CPU.Build.0 = Release|Any CPU
		{5ECC8549-4241-4B0A-AC40-5158A94334FC}.Release|x64.ActiveCfg = Release|Any CPU
		{5ECC8549-4241-4B0A-AC40-5158A94334FC}.Release|x64.Build.0 = Release|Any CPU
		{5ECC8549-4241-4B0A-AC40-5158A94334FC}.Release|x86.ActiveCfg = Release|Any CPU
		{5ECC8549-4241-4B0A-AC40-5158A94334FC}.Release|x86.Build.0 = Release|Any CPU
		{E97D7B76-BC9A-47AD-A57A-88DD31956249}.Debug|Any CPU.ActiveCfg = Debug|Any CPU
		{E97D7B76-BC9A-47AD-A57A-88DD31956249}.Debug|Any CPU.Build.0 = Debug|Any CPU
		{E97D7B76-BC9A-47AD-A57A-88DD31956249}.Debug|x64.ActiveCfg = Debug|Any CPU
		{E97D7B76-BC9A-47AD-A57A-88DD31956249}.Debug|x64.Build.0 = Debug|Any CPU
		{E97D7B76-BC9A-47AD-A57A-88DD31956249}.Debug|x86.ActiveCfg = Debug|Any CPU
		{E97D7B76-BC9A-47AD-A57A-88DD31956249}.Debug|x86.Build.0 = Debug|Any CPU
		{E97D7B76-BC9A-47AD-A57A-88DD31956249}.Release|Any CPU.ActiveCfg = Release|Any CPU
		{E97D7B76-BC9A-47AD-A57A-88DD31956249}.Release|Any CPU.Build.0 = Release|Any CPU
		{E97D7B76-BC9A-47AD-A57A-88DD31956249}.Release|x64.ActiveCfg = Release|Any CPU
		{E97D7B76-BC9A-47AD-A57A-88DD31956249}.Release|x64.Build.0 = Release|Any CPU
		{E97D7B76-BC9A-47AD-A57A-88DD31956249}.Release|x86.ActiveCfg = Release|Any CPU
		{E97D7B76-BC9A-47AD-A57A-88DD31956249}.Release|x86.Build.0 = Release|Any CPU
		{EB29E99A-6A33-41E9-857E-E23994F2B7D3}.Debug|Any CPU.ActiveCfg = Debug|Any CPU
		{EB29E99A-6A33-41E9-857E-E23994F2B7D3}.Debug|Any CPU.Build.0 = Debug|Any CPU
		{EB29E99A-6A33-41E9-857E-E23994F2B7D3}.Debug|x64.ActiveCfg = Debug|Any CPU
		{EB29E99A-6A33-41E9-857E-E23994F2B7D3}.Debug|x64.Build.0 = Debug|Any CPU
		{EB29E99A-6A33-41E9-857E-E23994F2B7D3}.Debug|x86.ActiveCfg = Debug|Any CPU
		{EB29E99A-6A33-41E9-857E-E23994F2B7D3}.Debug|x86.Build.0 = Debug|Any CPU
		{EB29E99A-6A33-41E9-857E-E23994F2B7D3}.Release|Any CPU.ActiveCfg = Release|Any CPU
		{EB29E99A-6A33-41E9-857E-E23994F2B7D3}.Release|Any CPU.Build.0 = Release|Any CPU
		{EB29E99A-6A33-41E9-857E-E23994F2B7D3}.Release|x64.ActiveCfg = Release|Any CPU
		{EB29E99A-6A33-41E9-857E-E23994F2B7D3}.Release|x64.Build.0 = Release|Any CPU
		{EB29E99A-6A33-41E9-857E-E23994F2B7D3}.Release|x86.ActiveCfg = Release|Any CPU
		{EB29E99A-6A33-41E9-857E-E23994F2B7D3}.Release|x86.Build.0 = Release|Any CPU
		{4DC9521E-5D28-4E3F-8C60-830A28351802}.Debug|Any CPU.ActiveCfg = Debug|Any CPU
		{4DC9521E-5D28-4E3F-8C60-830A28351802}.Debug|Any CPU.Build.0 = Debug|Any CPU
		{4DC9521E-5D28-4E3F-8C60-830A28351802}.Debug|x64.ActiveCfg = Debug|Any CPU
		{4DC9521E-5D28-4E3F-8C60-830A28351802}.Debug|x64.Build.0 = Debug|Any CPU
		{4DC9521E-5D28-4E3F-8C60-830A28351802}.Debug|x86.ActiveCfg = Debug|Any CPU
		{4DC9521E-5D28-4E3F-8C60-830A28351802}.Debug|x86.Build.0 = Debug|Any CPU
		{4DC9521E-5D28-4E3F-8C60-830A28351802}.Release|Any CPU.ActiveCfg = Release|Any CPU
		{4DC9521E-5D28-4E3F-8C60-830A28351802}.Release|Any CPU.Build.0 = Release|Any CPU
		{4DC9521E-5D28-4E3F-8C60-830A28351802}.Release|x64.ActiveCfg = Release|Any CPU
		{4DC9521E-5D28-4E3F-8C60-830A28351802}.Release|x64.Build.0 = Release|Any CPU
		{4DC9521E-5D28-4E3F-8C60-830A28351802}.Release|x86.ActiveCfg = Release|Any CPU
		{4DC9521E-5D28-4E3F-8C60-830A28351802}.Release|x86.Build.0 = Release|Any CPU
		{B3D84556-47B6-4D22-88C3-E03BEAC706CF}.Debug|Any CPU.ActiveCfg = Debug|Any CPU
		{B3D84556-47B6-4D22-88C3-E03BEAC706CF}.Debug|Any CPU.Build.0 = Debug|Any CPU
		{B3D84556-47B6-4D22-88C3-E03BEAC706CF}.Debug|x64.ActiveCfg = Debug|Any CPU
		{B3D84556-47B6-4D22-88C3-E03BEAC706CF}.Debug|x64.Build.0 = Debug|Any CPU
		{B3D84556-47B6-4D22-88C3-E03BEAC706CF}.Debug|x86.ActiveCfg = Debug|Any CPU
		{B3D84556-47B6-4D22-88C3-E03BEAC706CF}.Debug|x86.Build.0 = Debug|Any CPU
		{B3D84556-47B6-4D22-88C3-E03BEAC706CF}.Release|Any CPU.ActiveCfg = Release|Any CPU
		{B3D84556-47B6-4D22-88C3-E03BEAC706CF}.Release|Any CPU.Build.0 = Release|Any CPU
		{B3D84556-47B6-4D22-88C3-E03BEAC706CF}.Release|x64.ActiveCfg = Release|Any CPU
		{B3D84556-47B6-4D22-88C3-E03BEAC706CF}.Release|x64.Build.0 = Release|Any CPU
		{B3D84556-47B6-4D22-88C3-E03BEAC706CF}.Release|x86.ActiveCfg = Release|Any CPU
		{B3D84556-47B6-4D22-88C3-E03BEAC706CF}.Release|x86.Build.0 = Release|Any CPU
		{57643C8C-742F-4195-A5E0-2E05F1DB3BD8}.Debug|Any CPU.ActiveCfg = Debug|Any CPU
		{57643C8C-742F-4195-A5E0-2E05F1DB3BD8}.Debug|Any CPU.Build.0 = Debug|Any CPU
		{57643C8C-742F-4195-A5E0-2E05F1DB3BD8}.Debug|x64.ActiveCfg = Debug|Any CPU
		{57643C8C-742F-4195-A5E0-2E05F1DB3BD8}.Debug|x64.Build.0 = Debug|Any CPU
		{57643C8C-742F-4195-A5E0-2E05F1DB3BD8}.Debug|x86.ActiveCfg = Debug|Any CPU
		{57643C8C-742F-4195-A5E0-2E05F1DB3BD8}.Debug|x86.Build.0 = Debug|Any CPU
		{57643C8C-742F-4195-A5E0-2E05F1DB3BD8}.Release|Any CPU.ActiveCfg = Release|Any CPU
		{57643C8C-742F-4195-A5E0-2E05F1DB3BD8}.Release|Any CPU.Build.0 = Release|Any CPU
		{57643C8C-742F-4195-A5E0-2E05F1DB3BD8}.Release|x64.ActiveCfg = Release|Any CPU
		{57643C8C-742F-4195-A5E0-2E05F1DB3BD8}.Release|x64.Build.0 = Release|Any CPU
		{57643C8C-742F-4195-A5E0-2E05F1DB3BD8}.Release|x86.ActiveCfg = Release|Any CPU
		{57643C8C-742F-4195-A5E0-2E05F1DB3BD8}.Release|x86.Build.0 = Release|Any CPU
		{1BE577A7-CEFB-4187-9080-A03AC23344C4}.Debug|Any CPU.ActiveCfg = Debug|Any CPU
		{1BE577A7-CEFB-4187-9080-A03AC23344C4}.Debug|Any CPU.Build.0 = Debug|Any CPU
		{1BE577A7-CEFB-4187-9080-A03AC23344C4}.Debug|x64.ActiveCfg = Debug|Any CPU
		{1BE577A7-CEFB-4187-9080-A03AC23344C4}.Debug|x64.Build.0 = Debug|Any CPU
		{1BE577A7-CEFB-4187-9080-A03AC23344C4}.Debug|x86.ActiveCfg = Debug|Any CPU
		{1BE577A7-CEFB-4187-9080-A03AC23344C4}.Debug|x86.Build.0 = Debug|Any CPU
		{1BE577A7-CEFB-4187-9080-A03AC23344C4}.Release|Any CPU.ActiveCfg = Release|Any CPU
		{1BE577A7-CEFB-4187-9080-A03AC23344C4}.Release|Any CPU.Build.0 = Release|Any CPU
		{1BE577A7-CEFB-4187-9080-A03AC23344C4}.Release|x64.ActiveCfg = Release|Any CPU
		{1BE577A7-CEFB-4187-9080-A03AC23344C4}.Release|x64.Build.0 = Release|Any CPU
		{1BE577A7-CEFB-4187-9080-A03AC23344C4}.Release|x86.ActiveCfg = Release|Any CPU
		{1BE577A7-CEFB-4187-9080-A03AC23344C4}.Release|x86.Build.0 = Release|Any CPU
		{49EBAEF9-14A3-40DE-A378-86725682D5CE}.Debug|Any CPU.ActiveCfg = Debug|Any CPU
		{49EBAEF9-14A3-40DE-A378-86725682D5CE}.Debug|Any CPU.Build.0 = Debug|Any CPU
		{49EBAEF9-14A3-40DE-A378-86725682D5CE}.Debug|x64.ActiveCfg = Debug|Any CPU
		{49EBAEF9-14A3-40DE-A378-86725682D5CE}.Debug|x64.Build.0 = Debug|Any CPU
		{49EBAEF9-14A3-40DE-A378-86725682D5CE}.Debug|x86.ActiveCfg = Debug|Any CPU
		{49EBAEF9-14A3-40DE-A378-86725682D5CE}.Debug|x86.Build.0 = Debug|Any CPU
		{49EBAEF9-14A3-40DE-A378-86725682D5CE}.Release|Any CPU.ActiveCfg = Release|Any CPU
		{49EBAEF9-14A3-40DE-A378-86725682D5CE}.Release|Any CPU.Build.0 = Release|Any CPU
		{49EBAEF9-14A3-40DE-A378-86725682D5CE}.Release|x64.ActiveCfg = Release|Any CPU
		{49EBAEF9-14A3-40DE-A378-86725682D5CE}.Release|x64.Build.0 = Release|Any CPU
		{49EBAEF9-14A3-40DE-A378-86725682D5CE}.Release|x86.ActiveCfg = Release|Any CPU
		{49EBAEF9-14A3-40DE-A378-86725682D5CE}.Release|x86.Build.0 = Release|Any CPU
		{C4CD40F6-98DC-4F73-A1E5-E8DAA27F315A}.Debug|Any CPU.ActiveCfg = Debug|Any CPU
		{C4CD40F6-98DC-4F73-A1E5-E8DAA27F315A}.Debug|Any CPU.Build.0 = Debug|Any CPU
		{C4CD40F6-98DC-4F73-A1E5-E8DAA27F315A}.Debug|x64.ActiveCfg = Debug|Any CPU
		{C4CD40F6-98DC-4F73-A1E5-E8DAA27F315A}.Debug|x64.Build.0 = Debug|Any CPU
		{C4CD40F6-98DC-4F73-A1E5-E8DAA27F315A}.Debug|x86.ActiveCfg = Debug|Any CPU
		{C4CD40F6-98DC-4F73-A1E5-E8DAA27F315A}.Debug|x86.Build.0 = Debug|Any CPU
		{C4CD40F6-98DC-4F73-A1E5-E8DAA27F315A}.Release|Any CPU.ActiveCfg = Release|Any CPU
		{C4CD40F6-98DC-4F73-A1E5-E8DAA27F315A}.Release|Any CPU.Build.0 = Release|Any CPU
		{C4CD40F6-98DC-4F73-A1E5-E8DAA27F315A}.Release|x64.ActiveCfg = Release|Any CPU
		{C4CD40F6-98DC-4F73-A1E5-E8DAA27F315A}.Release|x64.Build.0 = Release|Any CPU
		{C4CD40F6-98DC-4F73-A1E5-E8DAA27F315A}.Release|x86.ActiveCfg = Release|Any CPU
		{C4CD40F6-98DC-4F73-A1E5-E8DAA27F315A}.Release|x86.Build.0 = Release|Any CPU
		{FD912B66-65D3-4DCC-83B1-0B1551D9B797}.Debug|Any CPU.ActiveCfg = Debug|Any CPU
		{FD912B66-65D3-4DCC-83B1-0B1551D9B797}.Debug|Any CPU.Build.0 = Debug|Any CPU
		{FD912B66-65D3-4DCC-83B1-0B1551D9B797}.Debug|x64.ActiveCfg = Debug|Any CPU
		{FD912B66-65D3-4DCC-83B1-0B1551D9B797}.Debug|x64.Build.0 = Debug|Any CPU
		{FD912B66-65D3-4DCC-83B1-0B1551D9B797}.Debug|x86.ActiveCfg = Debug|Any CPU
		{FD912B66-65D3-4DCC-83B1-0B1551D9B797}.Debug|x86.Build.0 = Debug|Any CPU
		{FD912B66-65D3-4DCC-83B1-0B1551D9B797}.Release|Any CPU.ActiveCfg = Release|Any CPU
		{FD912B66-65D3-4DCC-83B1-0B1551D9B797}.Release|Any CPU.Build.0 = Release|Any CPU
		{FD912B66-65D3-4DCC-83B1-0B1551D9B797}.Release|x64.ActiveCfg = Release|Any CPU
		{FD912B66-65D3-4DCC-83B1-0B1551D9B797}.Release|x64.Build.0 = Release|Any CPU
		{FD912B66-65D3-4DCC-83B1-0B1551D9B797}.Release|x86.ActiveCfg = Release|Any CPU
		{FD912B66-65D3-4DCC-83B1-0B1551D9B797}.Release|x86.Build.0 = Release|Any CPU
		{7196F053-B1A1-45A9-8569-91521BF92D64}.Debug|Any CPU.ActiveCfg = Debug|Any CPU
		{7196F053-B1A1-45A9-8569-91521BF92D64}.Debug|Any CPU.Build.0 = Debug|Any CPU
		{7196F053-B1A1-45A9-8569-91521BF92D64}.Debug|x64.ActiveCfg = Debug|Any CPU
		{7196F053-B1A1-45A9-8569-91521BF92D64}.Debug|x64.Build.0 = Debug|Any CPU
		{7196F053-B1A1-45A9-8569-91521BF92D64}.Debug|x86.ActiveCfg = Debug|Any CPU
		{7196F053-B1A1-45A9-8569-91521BF92D64}.Debug|x86.Build.0 = Debug|Any CPU
		{7196F053-B1A1-45A9-8569-91521BF92D64}.Release|Any CPU.ActiveCfg = Release|Any CPU
		{7196F053-B1A1-45A9-8569-91521BF92D64}.Release|Any CPU.Build.0 = Release|Any CPU
		{7196F053-B1A1-45A9-8569-91521BF92D64}.Release|x64.ActiveCfg = Release|Any CPU
		{7196F053-B1A1-45A9-8569-91521BF92D64}.Release|x64.Build.0 = Release|Any CPU
		{7196F053-B1A1-45A9-8569-91521BF92D64}.Release|x86.ActiveCfg = Release|Any CPU
		{7196F053-B1A1-45A9-8569-91521BF92D64}.Release|x86.Build.0 = Release|Any CPU
		{BE67DB72-8545-46FA-8852-4EDFFCA76955}.Debug|Any CPU.ActiveCfg = Debug|Any CPU
		{BE67DB72-8545-46FA-8852-4EDFFCA76955}.Debug|Any CPU.Build.0 = Debug|Any CPU
		{BE67DB72-8545-46FA-8852-4EDFFCA76955}.Debug|x64.ActiveCfg = Debug|Any CPU
		{BE67DB72-8545-46FA-8852-4EDFFCA76955}.Debug|x64.Build.0 = Debug|Any CPU
		{BE67DB72-8545-46FA-8852-4EDFFCA76955}.Debug|x86.ActiveCfg = Debug|Any CPU
		{BE67DB72-8545-46FA-8852-4EDFFCA76955}.Debug|x86.Build.0 = Debug|Any CPU
		{BE67DB72-8545-46FA-8852-4EDFFCA76955}.Release|Any CPU.ActiveCfg = Release|Any CPU
		{BE67DB72-8545-46FA-8852-4EDFFCA76955}.Release|Any CPU.Build.0 = Release|Any CPU
		{BE67DB72-8545-46FA-8852-4EDFFCA76955}.Release|x64.ActiveCfg = Release|Any CPU
		{BE67DB72-8545-46FA-8852-4EDFFCA76955}.Release|x64.Build.0 = Release|Any CPU
		{BE67DB72-8545-46FA-8852-4EDFFCA76955}.Release|x86.ActiveCfg = Release|Any CPU
		{BE67DB72-8545-46FA-8852-4EDFFCA76955}.Release|x86.Build.0 = Release|Any CPU
		{757F3CF1-EA6D-454E-ADF1-552E14D61AB4}.Debug|Any CPU.ActiveCfg = Debug|Any CPU
		{757F3CF1-EA6D-454E-ADF1-552E14D61AB4}.Debug|Any CPU.Build.0 = Debug|Any CPU
		{757F3CF1-EA6D-454E-ADF1-552E14D61AB4}.Debug|x64.ActiveCfg = Debug|Any CPU
		{757F3CF1-EA6D-454E-ADF1-552E14D61AB4}.Debug|x64.Build.0 = Debug|Any CPU
		{757F3CF1-EA6D-454E-ADF1-552E14D61AB4}.Debug|x86.ActiveCfg = Debug|Any CPU
		{757F3CF1-EA6D-454E-ADF1-552E14D61AB4}.Debug|x86.Build.0 = Debug|Any CPU
		{757F3CF1-EA6D-454E-ADF1-552E14D61AB4}.Release|Any CPU.ActiveCfg = Release|Any CPU
		{757F3CF1-EA6D-454E-ADF1-552E14D61AB4}.Release|Any CPU.Build.0 = Release|Any CPU
		{757F3CF1-EA6D-454E-ADF1-552E14D61AB4}.Release|x64.ActiveCfg = Release|Any CPU
		{757F3CF1-EA6D-454E-ADF1-552E14D61AB4}.Release|x64.Build.0 = Release|Any CPU
		{757F3CF1-EA6D-454E-ADF1-552E14D61AB4}.Release|x86.ActiveCfg = Release|Any CPU
		{757F3CF1-EA6D-454E-ADF1-552E14D61AB4}.Release|x86.Build.0 = Release|Any CPU
	EndGlobalSection
	GlobalSection(SolutionProperties) = preSolution
		HideSolutionNode = FALSE
	EndGlobalSection
EndGlobal
